# This file was autogenerated by Stack.
# You should not edit this file by hand.
# For more information, please see the documentation at:
#   https://docs.haskellstack.org/en/stable/lock_files

packages:
- completed:
    hackage: nom-0.1.0.2@sha256:920c20e386ef12fad6fb3ab95ac8cb140f95150b42ff61aaa57fa07b3fb84e69,4620
    pantry-tree:
      size: 3767
      sha256: 680edffe0b5ef9c4f8b6fc966483e6d0acae5881d577ea1edce56fc2a85d21f4
  original:
    hackage: nom-0.1.0.2@sha256:920c20e386ef12fad6fb3ab95ac8cb140f95150b42ff61aaa57fa07b3fb84e69,4620
- completed:
    hackage: QuickCheck-2.13.2@sha256:636e7265bf75122e7e2f97627c47aad3b772ee3b35b134cafb6095116ce8d07a,6974
    pantry-tree:
      size: 2202
      sha256: b917f922fc59d98d47b789f50c5a569d1b80ae08d52f4fbebbaad7fc62479e0d
  original:
    hackage: QuickCheck-2.13.2@sha256:636e7265bf75122e7e2f97627c47aad3b772ee3b35b134cafb6095116ce8d07a,6974
- completed:
    hackage: Unique-0.4.7.9@sha256:a7e154cf6d05169777a1e54aadab24fb3a6eae3ee167e5e77d7ba96d182436c7,2064
    pantry-tree:
      size: 1366
      sha256: eb62502b1de8adee91f0feb104a36f87a21a9367f95295d4f12c73183a9b1e54
  original:
    hackage: Unique-0.4.7.9@sha256:a7e154cf6d05169777a1e54aadab24fb3a6eae3ee167e5e77d7ba96d182436c7,2064
- completed:
    hackage: containers-0.6.2.1@sha256:550b39286f70c39402a21e61f0f8a8b19e0f2b9270197d8524b8f3cbe4f43ee1,2561
    pantry-tree:
      size: 2823
      sha256: 0463a6f54ce2fcddb0def77c78a013a982f84aa88c923ab1f6ffe3c51aaa0775
  original:
    hackage: containers-0.6.2.1@sha256:550b39286f70c39402a21e61f0f8a8b19e0f2b9270197d8524b8f3cbe4f43ee1,2561
- completed:
    hackage: extra-1.6.21@sha256:25ace0d94971ffd70623dc6d79bd2905e8ad2e343a10ff025097af5f7aeb599d,2774
    pantry-tree:
      size: 1828
      sha256: 8b4e37a7da48fde64863b19c3540a6d7f55e8b2c87705643459ded60e773bfe9
  original:
    hackage: extra-1.6.21@sha256:25ace0d94971ffd70623dc6d79bd2905e8ad2e343a10ff025097af5f7aeb599d,2774
- completed:
    hackage: flow-1.0.23@sha256:1aa6523c595e17089963800efdf6c885cbe155e44fefa9d9bbacbe231f119ada,920
    pantry-tree:
      size: 280
      sha256: 933a5f7bee8a7247af97c66dc2f1e9c6643a0c4fdcf4e65f3f8feb7a70f2b2e3
  original:
    hackage: flow-1.0.23@sha256:1aa6523c595e17089963800efdf6c885cbe155e44fefa9d9bbacbe231f119ada,920
- completed:
    hackage: algebra-4.3.1@sha256:323cf20c508e0b71422b767ff3a89e4188f68aa59b2df9d0fe6e9f9bae7938fb,4129
    pantry-tree:
      size: 5556
      sha256: 2dea7d23304c09c902fb1f90f45b1b22df6ded47fb717742cca119f9f3667b21
  original:
    hackage: algebra-4.3.1@sha256:323cf20c508e0b71422b767ff3a89e4188f68aa59b2df9d0fe6e9f9bae7938fb,4129
- completed:
    hackage: syb-0.7.1@sha256:809b4587757c9358db125577fb7e4e11031b8a26075fabe346912bbe2cfffd65,2544
    pantry-tree:
      size: 3396
      sha256: 8e611411c40f21cc5e8b3f50d68baff2dd58de5104bd5a0eb1c429fdc3feb37d
  original:
    hackage: syb-0.7.1@sha256:809b4587757c9358db125577fb7e4e11031b8a26075fabe346912bbe2cfffd65,2544
- completed:
    hackage: Stream-0.4.7.2@sha256:ed78165aa34c4e23dc53c9072f8715d414a585037f2145ea0eb2b38300354c53,1009
    pantry-tree:
      size: 207
      sha256: 009fe33c4779bd1705a26f9b036f0996e9fc85df06418aec3dda967554e6ef83
  original:
    hackage: Stream-0.4.7.2@sha256:ed78165aa34c4e23dc53c9072f8715d414a585037f2145ea0eb2b38300354c53,1009
- completed:
    hackage: lazysmallcheck-0.6@sha256:dac7a1e4877681f1260309e863e896674dd6efc1159897b7945893e693f2a6bc,1696
    pantry-tree:
      size: 2008
      sha256: aea6b83dd91703fd130d98ecfed88b8f16841b22990c837c8fde89f9f6cca809
  original:
    hackage: lazysmallcheck-0.6@sha256:dac7a1e4877681f1260309e863e896674dd6efc1159897b7945893e693f2a6bc,1696
- completed:
    hackage: fgl-5.7.0.3@sha256:a5970bb2d6835e2479380ca822ac43436ffef050770391f21802ed4610e1d5b8,3648
    pantry-tree:
      size: 2748
      sha256: d4ac6c227c96d9e3a97222c290e7a01c8068f8cb73e55c988edf4c20763581b7
  original:
    hackage: fgl-5.7.0.3
snapshots:
- completed:
    size: 510463
    url: https://raw.githubusercontent.com/commercialhaskell/stackage-snapshots/master/nightly/2020/7/14.yaml
    sha256: 60adea840f8416088236d9dd19c0247970c90a56bf2168bc68541f4ce2a6a76b
  original: nightly-2020-07-14
